
Microsoft Visual Studio Solution File, Format Version 12.00
# Visual Studio Version 17
VisualStudioVersion = 17.6.33829.357
MinimumVisualStudioVersion = 10.0.40219.1
Project("{FAE04EC0-301F-11D3-BF4B-00C04F79EFBC}") = "R508_TP03_Blazor", "R508_TP03_Blazor.csproj", "{5956121A-1EBC-40CE-814D-BE94D2F9A307}"
EndProject
Global
	GlobalSection(SolutionConfigurationPlatforms) = preSolution
		Debug|Any CPU = Debug|Any CPU
		Release|Any CPU = Release|Any CPU
	EndGlobalSection
	GlobalSection(ProjectConfigurationPlatforms) = postSolution
		{5956121A-1EBC-40CE-814D-BE94D2F9A307}.Debug|Any CPU.ActiveCfg = Debug|Any CPU
		{5956121A-1EBC-40CE-814D-BE94D2F9A307}.Debug|Any CPU.Build.0 = Debug|Any CPU
		{5956121A-1EBC-40CE-814D-BE94D2F9A307}.Release|Any CPU.ActiveCfg = Release|Any CPU
		{5956121A-1EBC-40CE-814D-BE94D2F9A307}.Release|Any CPU.Build.0 = Release|Any CPU
	EndGlobalSection
	GlobalSection(SolutionProperties) = preSolution
		HideSolutionNode = FALSE
	EndGlobalSection
	GlobalSection(ExtensibilityGlobals) = postSolution
		SolutionGuid = {69F72F40-ED7E-48A5-8F5E-D10557C189F8}
	EndGlobalSection
EndGlobal
